// !$*UTF8*$!
{
	archiveVersion = 1;
	classes = {
	};
	objectVersion = 48;
	objects = {

/* Begin PBXBuildFile section */
		AC2809873B6D19CFEB432A04 /* Pods_Ticket_Control.framework in Frameworks */ = {isa = PBXBuildFile; fileRef = 87E81DE4C6ECD98440E96FFC /* Pods_Ticket_Control.framework */; };
		BD11A19219B83BEE00A94BBD /* VTKLogDetailTableViewController.m in Sources */ = {isa = PBXBuildFile; fileRef = BD11A19119B83BEE00A94BBD /* VTKLogDetailTableViewController.m */; };
		BD11A19419B9D38A00A94BBD /* Podfile in Resources */ = {isa = PBXBuildFile; fileRef = BD11A19319B9D38A00A94BBD /* Podfile */; };
		BD14FA8619AD51E20013B226 /* VTKConstants.m in Sources */ = {isa = PBXBuildFile; fileRef = BD14FA8519AD51E20013B226 /* VTKConstants.m */; };
		BD14FA8919ADF65E0013B226 /* VTKServerCommand.m in Sources */ = {isa = PBXBuildFile; fileRef = BD14FA8819ADF65E0013B226 /* VTKServerCommand.m */; };
		BD2431B919A608CC008BC19A /* Foundation.framework in Frameworks */ = {isa = PBXBuildFile; fileRef = BD2431B819A608CC008BC19A /* Foundation.framework */; };
		BD2431BB19A608CC008BC19A /* CoreGraphics.framework in Frameworks */ = {isa = PBXBuildFile; fileRef = BD2431BA19A608CC008BC19A /* CoreGraphics.framework */; };
		BD2431BD19A608CC008BC19A /* UIKit.framework in Frameworks */ = {isa = PBXBuildFile; fileRef = BD2431BC19A608CC008BC19A /* UIKit.framework */; };
		BD2431C519A608CC008BC19A /* main.m in Sources */ = {isa = PBXBuildFile; fileRef = BD2431C419A608CC008BC19A /* main.m */; };
		BD2431C919A608CC008BC19A /* VTKAppDelegate.m in Sources */ = {isa = PBXBuildFile; fileRef = BD2431C819A608CC008BC19A /* VTKAppDelegate.m */; };
		BD2431CC19A608CC008BC19A /* Main.storyboard in Resources */ = {isa = PBXBuildFile; fileRef = BD2431CA19A608CC008BC19A /* Main.storyboard */; };
		BD2431CF19A608CC008BC19A /* VTKScanViewController.m in Sources */ = {isa = PBXBuildFile; fileRef = BD2431CE19A608CC008BC19A /* VTKScanViewController.m */; };
		BD2431D119A608CC008BC19A /* Images.xcassets in Resources */ = {isa = PBXBuildFile; fileRef = BD2431D019A608CC008BC19A /* Images.xcassets */; };
		BD2431D819A608CC008BC19A /* XCTest.framework in Frameworks */ = {isa = PBXBuildFile; fileRef = BD2431D719A608CC008BC19A /* XCTest.framework */; };
		BD2431D919A608CC008BC19A /* Foundation.framework in Frameworks */ = {isa = PBXBuildFile; fileRef = BD2431B819A608CC008BC19A /* Foundation.framework */; };
		BD2431DA19A608CC008BC19A /* UIKit.framework in Frameworks */ = {isa = PBXBuildFile; fileRef = BD2431BC19A608CC008BC19A /* UIKit.framework */; };
		BD2431E419A608CC008BC19A /* Ticket_ControlTests.m in Sources */ = {isa = PBXBuildFile; fileRef = BD2431E319A608CC008BC19A /* Ticket_ControlTests.m */; };
		BD2431EE19A6093C008BC19A /* libstdc++.6.dylib in Frameworks */ = {isa = PBXBuildFile; fileRef = BD2431ED19A6093C008BC19A /* libstdc++.6.dylib */; };
		BD2431F119A60957008BC19A /* Barcode.framework in Frameworks */ = {isa = PBXBuildFile; fileRef = BD2431EF19A60957008BC19A /* Barcode.framework */; };
		BD2431F219A60957008BC19A /* MobilogicsCore.framework in Frameworks */ = {isa = PBXBuildFile; fileRef = BD2431F019A60957008BC19A /* MobilogicsCore.framework */; };
		BD347E091C1E1A7800EBDBFD /* README.md in Sources */ = {isa = PBXBuildFile; fileRef = BD347E081C1E1A7800EBDBFD /* README.md */; };
		BD4890FF19AA1A3500A2EB62 /* VTKValidatorResponse.m in Sources */ = {isa = PBXBuildFile; fileRef = BD4890FE19AA1A3500A2EB62 /* VTKValidatorResponse.m */; };
		BD48910219AA312500A2EB62 /* Settings.bundle in Resources */ = {isa = PBXBuildFile; fileRef = BD48910119AA312500A2EB62 /* Settings.bundle */; };
		BD4CB46919C6FD7900C5E15C /* allowed2.wav in Resources */ = {isa = PBXBuildFile; fileRef = BD4CB46219C6FD7900C5E15C /* allowed2.wav */; };
		BD4CB46A19C6FD7900C5E15C /* allowed.wav in Resources */ = {isa = PBXBuildFile; fileRef = BD4CB46319C6FD7900C5E15C /* allowed.wav */; };
		BD4CB46D19C6FD7900C5E15C /* denied.wav in Resources */ = {isa = PBXBuildFile; fileRef = BD4CB46619C6FD7900C5E15C /* denied.wav */; };
		BD4CB46F19C6FD7900C5E15C /* denied2.wav in Resources */ = {isa = PBXBuildFile; fileRef = BD4CB46819C6FD7900C5E15C /* denied2.wav */; };
		BD5CFC6619ACAB1D009851C3 /* VTKLogTableViewController.m in Sources */ = {isa = PBXBuildFile; fileRef = BD5CFC6519ACAB1D009851C3 /* VTKLogTableViewController.m */; };
		BD7B89C319A91CF400FBAC76 /* VTKScanResultItem.m in Sources */ = {isa = PBXBuildFile; fileRef = BD7B89C219A91CF400FBAC76 /* VTKScanResultItem.m */; };
		BD81CFBB2056F67100F3CB47 /* CameraBarcodeReaderViewController.swift in Sources */ = {isa = PBXBuildFile; fileRef = BD81CFBA2056F67100F3CB47 /* CameraBarcodeReaderViewController.swift */; };
		BD8262651AD9D8D20050F100 /* VTKServerAPIAdapter.m in Sources */ = {isa = PBXBuildFile; fileRef = BD8262641AD9D8D20050F100 /* VTKServerAPIAdapter.m */; };
		BD82990919BF672B008C54BD /* AudioToolbox.framework in Frameworks */ = {isa = PBXBuildFile; fileRef = BD82990819BF672A008C54BD /* AudioToolbox.framework */; };
		BD920C0C207FED5F00CF8406 /* OnlineSummaryViewController.swift in Sources */ = {isa = PBXBuildFile; fileRef = BD920C0B207FED5F00CF8406 /* OnlineSummaryViewController.swift */; };
		BDB9BDE81A742C1800865D2C /* Localizable.strings in Resources */ = {isa = PBXBuildFile; fileRef = BDB9BDEA1A742C1800865D2C /* Localizable.strings */; };
		BDBE0DF71AD5B98300D7A288 /* VTKOfflineEventsViewController.m in Sources */ = {isa = PBXBuildFile; fileRef = BDBE0DF61AD5B98300D7A288 /* VTKOfflineEventsViewController.m */; };
		BDBE0DFA1AD5C0BA00D7A288 /* VTKOnlineConnectViewController.m in Sources */ = {isa = PBXBuildFile; fileRef = BDBE0DF91AD5C0BA00D7A288 /* VTKOnlineConnectViewController.m */; };
		BDED27D41A86CF1B00C106EA /* VTKScannerManager.m in Sources */ = {isa = PBXBuildFile; fileRef = BDED27D31A86CF1B00C106EA /* VTKScannerManager.m */; };
		BDED27D71A86D71E00C106EA /* VTKMobilogicsScanner.m in Sources */ = {isa = PBXBuildFile; fileRef = BDED27D61A86D71E00C106EA /* VTKMobilogicsScanner.m */; };
		BDED27DA1A86D74100C106EA /* VTKInfinitePeripheralsScanner.m in Sources */ = {isa = PBXBuildFile; fileRef = BDED27D91A86D74100C106EA /* VTKInfinitePeripheralsScanner.m */; };
		BDED27DD1A86D75800C106EA /* VTKHoneywellScanner.m in Sources */ = {isa = PBXBuildFile; fileRef = BDED27DC1A86D75800C106EA /* VTKHoneywellScanner.m */; };
		BDEDE5C4207EAEDB005B06D2 /* SplitScanViewController.swift in Sources */ = {isa = PBXBuildFile; fileRef = BDEDE5C3207EAEDB005B06D2 /* SplitScanViewController.swift */; };
		BDF9F49B1AD870D90090DDA7 /* VTKSettings.m in Sources */ = {isa = PBXBuildFile; fileRef = BDF9F49A1AD870D90090DDA7 /* VTKSettings.m */; };
		BDF9F49E1AD888EF0090DDA7 /* VTKServerAPI.m in Sources */ = {isa = PBXBuildFile; fileRef = BDF9F49D1AD888EF0090DDA7 /* VTKServerAPI.m */; };
		CA4AA12C53A1468B96A9D489 /* libPods.a in Frameworks */ = {isa = PBXBuildFile; fileRef = 07FEC220309E4A4EA091B59C /* libPods.a */; };
/* End PBXBuildFile section */

/* Begin PBXContainerItemProxy section */
		BD2431DB19A608CC008BC19A /* PBXContainerItemProxy */ = {
			isa = PBXContainerItemProxy;
			containerPortal = BD2431AD19A608CC008BC19A /* Project object */;
			proxyType = 1;
			remoteGlobalIDString = BD2431B419A608CC008BC19A;
			remoteInfo = "Ticket Control";
		};
/* End PBXContainerItemProxy section */

/* Begin PBXFileReference section */
		07FEC220309E4A4EA091B59C /* libPods.a */ = {isa = PBXFileReference; explicitFileType = archive.ar; includeInIndex = 0; path = libPods.a; sourceTree = BUILT_PRODUCTS_DIR; };
		87E81DE4C6ECD98440E96FFC /* Pods_Ticket_Control.framework */ = {isa = PBXFileReference; explicitFileType = wrapper.framework; includeInIndex = 0; path = Pods_Ticket_Control.framework; sourceTree = BUILT_PRODUCTS_DIR; };
		BD11A19019B83BEE00A94BBD /* VTKLogDetailTableViewController.h */ = {isa = PBXFileReference; fileEncoding = 4; lastKnownFileType = sourcecode.c.h; path = VTKLogDetailTableViewController.h; sourceTree = "<group>"; };
		BD11A19119B83BEE00A94BBD /* VTKLogDetailTableViewController.m */ = {isa = PBXFileReference; fileEncoding = 4; lastKnownFileType = sourcecode.c.objc; path = VTKLogDetailTableViewController.m; sourceTree = "<group>"; };
		BD11A19319B9D38A00A94BBD /* Podfile */ = {isa = PBXFileReference; fileEncoding = 4; lastKnownFileType = text; path = Podfile; sourceTree = "<group>"; xcLanguageSpecificationIdentifier = xcode.lang.ruby; };
		BD11A19519B9D76500A94BBD /* VTKBarcodeScannerProtocol.h */ = {isa = PBXFileReference; fileEncoding = 4; lastKnownFileType = sourcecode.c.h; path = VTKBarcodeScannerProtocol.h; sourceTree = "<group>"; };
		BD14FA8519AD51E20013B226 /* VTKConstants.m */ = {isa = PBXFileReference; fileEncoding = 4; lastKnownFileType = sourcecode.c.objc; path = VTKConstants.m; sourceTree = "<group>"; };
		BD14FA8719ADF65E0013B226 /* VTKServerCommand.h */ = {isa = PBXFileReference; fileEncoding = 4; lastKnownFileType = sourcecode.c.h; path = VTKServerCommand.h; sourceTree = "<group>"; };
		BD14FA8819ADF65E0013B226 /* VTKServerCommand.m */ = {isa = PBXFileReference; fileEncoding = 4; lastKnownFileType = sourcecode.c.objc; path = VTKServerCommand.m; sourceTree = "<group>"; };
		BD2431B519A608CC008BC19A /* Ticket Scanner.app */ = {isa = PBXFileReference; explicitFileType = wrapper.application; includeInIndex = 0; path = "Ticket Scanner.app"; sourceTree = BUILT_PRODUCTS_DIR; };
		BD2431B819A608CC008BC19A /* Foundation.framework */ = {isa = PBXFileReference; lastKnownFileType = wrapper.framework; name = Foundation.framework; path = System/Library/Frameworks/Foundation.framework; sourceTree = SDKROOT; };
		BD2431BA19A608CC008BC19A /* CoreGraphics.framework */ = {isa = PBXFileReference; lastKnownFileType = wrapper.framework; name = CoreGraphics.framework; path = System/Library/Frameworks/CoreGraphics.framework; sourceTree = SDKROOT; };
		BD2431BC19A608CC008BC19A /* UIKit.framework */ = {isa = PBXFileReference; lastKnownFileType = wrapper.framework; name = UIKit.framework; path = System/Library/Frameworks/UIKit.framework; sourceTree = SDKROOT; };
		BD2431C019A608CC008BC19A /* Ticket Control-Info.plist */ = {isa = PBXFileReference; lastKnownFileType = text.plist.xml; path = "Ticket Control-Info.plist"; sourceTree = "<group>"; };
		BD2431C419A608CC008BC19A /* main.m */ = {isa = PBXFileReference; lastKnownFileType = sourcecode.c.objc; path = main.m; sourceTree = "<group>"; };
		BD2431C619A608CC008BC19A /* Ticket Control-Prefix.pch */ = {isa = PBXFileReference; lastKnownFileType = sourcecode.c.h; path = "Ticket Control-Prefix.pch"; sourceTree = "<group>"; };
		BD2431C719A608CC008BC19A /* VTKAppDelegate.h */ = {isa = PBXFileReference; lastKnownFileType = sourcecode.c.h; path = VTKAppDelegate.h; sourceTree = "<group>"; };
		BD2431C819A608CC008BC19A /* VTKAppDelegate.m */ = {isa = PBXFileReference; lastKnownFileType = sourcecode.c.objc; path = VTKAppDelegate.m; sourceTree = "<group>"; };
		BD2431CB19A608CC008BC19A /* Base */ = {isa = PBXFileReference; lastKnownFileType = file.storyboard; name = Base; path = Base.lproj/Main.storyboard; sourceTree = "<group>"; };
		BD2431CD19A608CC008BC19A /* VTKScanViewController.h */ = {isa = PBXFileReference; lastKnownFileType = sourcecode.c.h; path = VTKScanViewController.h; sourceTree = "<group>"; };
		BD2431CE19A608CC008BC19A /* VTKScanViewController.m */ = {isa = PBXFileReference; lastKnownFileType = sourcecode.c.objc; path = VTKScanViewController.m; sourceTree = "<group>"; };
		BD2431D019A608CC008BC19A /* Images.xcassets */ = {isa = PBXFileReference; lastKnownFileType = folder.assetcatalog; path = Images.xcassets; sourceTree = "<group>"; };
		BD2431D619A608CC008BC19A /* Ticket ControlTests.xctest */ = {isa = PBXFileReference; explicitFileType = wrapper.cfbundle; includeInIndex = 0; path = "Ticket ControlTests.xctest"; sourceTree = BUILT_PRODUCTS_DIR; };
		BD2431D719A608CC008BC19A /* XCTest.framework */ = {isa = PBXFileReference; lastKnownFileType = wrapper.framework; name = XCTest.framework; path = Library/Frameworks/XCTest.framework; sourceTree = DEVELOPER_DIR; };
		BD2431DF19A608CC008BC19A /* Ticket ControlTests-Info.plist */ = {isa = PBXFileReference; lastKnownFileType = text.plist.xml; path = "Ticket ControlTests-Info.plist"; sourceTree = "<group>"; };
		BD2431E319A608CC008BC19A /* Ticket_ControlTests.m */ = {isa = PBXFileReference; lastKnownFileType = sourcecode.c.objc; path = Ticket_ControlTests.m; sourceTree = "<group>"; };
		BD2431ED19A6093C008BC19A /* libstdc++.6.dylib */ = {isa = PBXFileReference; lastKnownFileType = "compiled.mach-o.dylib"; name = "libstdc++.6.dylib"; path = "usr/lib/libstdc++.6.dylib"; sourceTree = SDKROOT; };
		BD2431EF19A60957008BC19A /* Barcode.framework */ = {isa = PBXFileReference; lastKnownFileType = wrapper.framework; name = Barcode.framework; path = ../../../../Library/Frameworks/Mobilogics.framework/Barcode.framework; sourceTree = "<group>"; };
		BD2431F019A60957008BC19A /* MobilogicsCore.framework */ = {isa = PBXFileReference; lastKnownFileType = wrapper.framework; name = MobilogicsCore.framework; path = ../../../../Library/Frameworks/Mobilogics.framework/MobilogicsCore.framework; sourceTree = "<group>"; };
		BD347E081C1E1A7800EBDBFD /* README.md */ = {isa = PBXFileReference; fileEncoding = 4; lastKnownFileType = net.daringfireball.markdown; path = README.md; sourceTree = "<group>"; };
		BD4057DA19AA70B100B3658F /* VTKConstants.h */ = {isa = PBXFileReference; fileEncoding = 4; lastKnownFileType = sourcecode.c.h; path = VTKConstants.h; sourceTree = "<group>"; };
		BD46A82F1A7AC55200D8B29D /* ru */ = {isa = PBXFileReference; lastKnownFileType = text.plist.strings; name = ru; path = ru.lproj/Localizable.strings; sourceTree = "<group>"; };
		BD46A8311A7ACBEF00D8B29D /* ru */ = {isa = PBXFileReference; lastKnownFileType = text.plist.strings; name = ru; path = ru.lproj/Main.strings; sourceTree = "<group>"; };
		BD4890FD19AA1A3500A2EB62 /* VTKValidatorResponse.h */ = {isa = PBXFileReference; fileEncoding = 4; lastKnownFileType = sourcecode.c.h; path = VTKValidatorResponse.h; sourceTree = "<group>"; };
		BD4890FE19AA1A3500A2EB62 /* VTKValidatorResponse.m */ = {isa = PBXFileReference; fileEncoding = 4; lastKnownFileType = sourcecode.c.objc; path = VTKValidatorResponse.m; sourceTree = "<group>"; };
		BD48910119AA312500A2EB62 /* Settings.bundle */ = {isa = PBXFileReference; lastKnownFileType = "wrapper.plug-in"; path = Settings.bundle; sourceTree = "<group>"; };
		BD4CB46219C6FD7900C5E15C /* allowed2.wav */ = {isa = PBXFileReference; lastKnownFileType = audio.wav; path = allowed2.wav; sourceTree = "<group>"; };
		BD4CB46319C6FD7900C5E15C /* allowed.wav */ = {isa = PBXFileReference; lastKnownFileType = audio.wav; path = allowed.wav; sourceTree = "<group>"; };
		BD4CB46619C6FD7900C5E15C /* denied.wav */ = {isa = PBXFileReference; lastKnownFileType = audio.wav; path = denied.wav; sourceTree = "<group>"; };
		BD4CB46819C6FD7900C5E15C /* denied2.wav */ = {isa = PBXFileReference; lastKnownFileType = audio.wav; path = denied2.wav; sourceTree = "<group>"; };
		BD59E6F12068BE090049B322 /* VTKScannerDelegateProtocol.h */ = {isa = PBXFileReference; lastKnownFileType = sourcecode.c.h; path = VTKScannerDelegateProtocol.h; sourceTree = "<group>"; };
		BD59E6F2206914110049B322 /* en */ = {isa = PBXFileReference; lastKnownFileType = text.plist.strings; name = en; path = en.lproj/Localizable.strings; sourceTree = "<group>"; };
		BD5CFC6419ACAB1D009851C3 /* VTKLogTableViewController.h */ = {isa = PBXFileReference; fileEncoding = 4; lastKnownFileType = sourcecode.c.h; path = VTKLogTableViewController.h; sourceTree = "<group>"; };
		BD5CFC6519ACAB1D009851C3 /* VTKLogTableViewController.m */ = {isa = PBXFileReference; fileEncoding = 4; lastKnownFileType = sourcecode.c.objc; path = VTKLogTableViewController.m; sourceTree = "<group>"; };
		BD60DD631AD09A8E00DD6647 /* en */ = {isa = PBXFileReference; lastKnownFileType = text.plist.strings; name = en; path = en.lproj/Main.strings; sourceTree = "<group>"; };
		BD7B89C119A91CF400FBAC76 /* VTKScanResultItem.h */ = {isa = PBXFileReference; fileEncoding = 4; lastKnownFileType = sourcecode.c.h; path = VTKScanResultItem.h; sourceTree = "<group>"; };
		BD7B89C219A91CF400FBAC76 /* VTKScanResultItem.m */ = {isa = PBXFileReference; fileEncoding = 4; lastKnownFileType = sourcecode.c.objc; path = VTKScanResultItem.m; sourceTree = "<group>"; };
		BD81CFB92056F67000F3CB47 /* Ticket Control-Bridging-Header.h */ = {isa = PBXFileReference; lastKnownFileType = sourcecode.c.h; path = "Ticket Control-Bridging-Header.h"; sourceTree = "<group>"; };
		BD81CFBA2056F67100F3CB47 /* CameraBarcodeReaderViewController.swift */ = {isa = PBXFileReference; lastKnownFileType = sourcecode.swift; path = CameraBarcodeReaderViewController.swift; sourceTree = "<group>"; };
		BD8262621AD9D2C50050F100 /* VTKBarcodeValidatorProtocol.h */ = {isa = PBXFileReference; fileEncoding = 4; lastKnownFileType = sourcecode.c.h; path = VTKBarcodeValidatorProtocol.h; sourceTree = "<group>"; };
		BD8262631AD9D8D20050F100 /* VTKServerAPIAdapter.h */ = {isa = PBXFileReference; fileEncoding = 4; lastKnownFileType = sourcecode.c.h; path = VTKServerAPIAdapter.h; sourceTree = "<group>"; };
		BD8262641AD9D8D20050F100 /* VTKServerAPIAdapter.m */ = {isa = PBXFileReference; fileEncoding = 4; lastKnownFileType = sourcecode.c.objc; path = VTKServerAPIAdapter.m; sourceTree = "<group>"; };
		BD82990819BF672A008C54BD /* AudioToolbox.framework */ = {isa = PBXFileReference; lastKnownFileType = wrapper.framework; name = AudioToolbox.framework; path = System/Library/Frameworks/AudioToolbox.framework; sourceTree = SDKROOT; };
		BD920C0B207FED5F00CF8406 /* OnlineSummaryViewController.swift */ = {isa = PBXFileReference; lastKnownFileType = sourcecode.swift; path = OnlineSummaryViewController.swift; sourceTree = "<group>"; };
		BDA6863A1A732A8A002FE408 /* uk */ = {isa = PBXFileReference; lastKnownFileType = text.plist.strings; name = uk; path = uk.lproj/Main.strings; sourceTree = "<group>"; };
		BDB9BDE91A742C1800865D2C /* Base */ = {isa = PBXFileReference; lastKnownFileType = text.plist.strings; name = Base; path = Base.lproj/Localizable.strings; sourceTree = "<group>"; };
		BDB9BDED1A742C2000865D2C /* uk */ = {isa = PBXFileReference; lastKnownFileType = text.plist.strings; name = uk; path = uk.lproj/Localizable.strings; sourceTree = "<group>"; };
		BDBE0DF51AD5B98300D7A288 /* VTKOfflineEventsViewController.h */ = {isa = PBXFileReference; fileEncoding = 4; lastKnownFileType = sourcecode.c.h; path = VTKOfflineEventsViewController.h; sourceTree = "<group>"; };
		BDBE0DF61AD5B98300D7A288 /* VTKOfflineEventsViewController.m */ = {isa = PBXFileReference; fileEncoding = 4; lastKnownFileType = sourcecode.c.objc; path = VTKOfflineEventsViewController.m; sourceTree = "<group>"; };
		BDBE0DF81AD5C0BA00D7A288 /* VTKOnlineConnectViewController.h */ = {isa = PBXFileReference; fileEncoding = 4; lastKnownFileType = sourcecode.c.h; path = VTKOnlineConnectViewController.h; sourceTree = "<group>"; };
		BDBE0DF91AD5C0BA00D7A288 /* VTKOnlineConnectViewController.m */ = {isa = PBXFileReference; fileEncoding = 4; lastKnownFileType = sourcecode.c.objc; path = VTKOnlineConnectViewController.m; sourceTree = "<group>"; };
		BDC6B48519C0F474004E2BB1 /* Ticket Control.entitlements */ = {isa = PBXFileReference; lastKnownFileType = text.xml; path = "Ticket Control.entitlements"; sourceTree = "<group>"; };
		BDED27D21A86CF1B00C106EA /* VTKScannerManager.h */ = {isa = PBXFileReference; fileEncoding = 4; lastKnownFileType = sourcecode.c.h; path = VTKScannerManager.h; sourceTree = "<group>"; };
		BDED27D31A86CF1B00C106EA /* VTKScannerManager.m */ = {isa = PBXFileReference; fileEncoding = 4; lastKnownFileType = sourcecode.c.objc; path = VTKScannerManager.m; sourceTree = "<group>"; };
		BDED27D51A86D71E00C106EA /* VTKMobilogicsScanner.h */ = {isa = PBXFileReference; fileEncoding = 4; lastKnownFileType = sourcecode.c.h; path = VTKMobilogicsScanner.h; sourceTree = "<group>"; };
		BDED27D61A86D71E00C106EA /* VTKMobilogicsScanner.m */ = {isa = PBXFileReference; fileEncoding = 4; lastKnownFileType = sourcecode.c.objc; path = VTKMobilogicsScanner.m; sourceTree = "<group>"; };
		BDED27D81A86D74100C106EA /* VTKInfinitePeripheralsScanner.h */ = {isa = PBXFileReference; fileEncoding = 4; lastKnownFileType = sourcecode.c.h; path = VTKInfinitePeripheralsScanner.h; sourceTree = "<group>"; };
		BDED27D91A86D74100C106EA /* VTKInfinitePeripheralsScanner.m */ = {isa = PBXFileReference; fileEncoding = 4; lastKnownFileType = sourcecode.c.objc; path = VTKInfinitePeripheralsScanner.m; sourceTree = "<group>"; };
		BDED27DB1A86D75800C106EA /* VTKHoneywellScanner.h */ = {isa = PBXFileReference; fileEncoding = 4; lastKnownFileType = sourcecode.c.h; path = VTKHoneywellScanner.h; sourceTree = "<group>"; };
		BDED27DC1A86D75800C106EA /* VTKHoneywellScanner.m */ = {isa = PBXFileReference; fileEncoding = 4; lastKnownFileType = sourcecode.c.objc; path = VTKHoneywellScanner.m; sourceTree = "<group>"; };
		BDEDE5C3207EAEDB005B06D2 /* SplitScanViewController.swift */ = {isa = PBXFileReference; lastKnownFileType = sourcecode.swift; path = SplitScanViewController.swift; sourceTree = "<group>"; };
		BDF9F4991AD870D90090DDA7 /* VTKSettings.h */ = {isa = PBXFileReference; fileEncoding = 4; lastKnownFileType = sourcecode.c.h; path = VTKSettings.h; sourceTree = "<group>"; };
		BDF9F49A1AD870D90090DDA7 /* VTKSettings.m */ = {isa = PBXFileReference; fileEncoding = 4; lastKnownFileType = sourcecode.c.objc; path = VTKSettings.m; sourceTree = "<group>"; };
		BDF9F49C1AD888EF0090DDA7 /* VTKServerAPI.h */ = {isa = PBXFileReference; fileEncoding = 4; lastKnownFileType = sourcecode.c.h; path = VTKServerAPI.h; sourceTree = "<group>"; };
		BDF9F49D1AD888EF0090DDA7 /* VTKServerAPI.m */ = {isa = PBXFileReference; fileEncoding = 4; lastKnownFileType = sourcecode.c.objc; path = VTKServerAPI.m; sourceTree = "<group>"; };
		C4FC624B07DA8C45615AAFEE /* Pods-Ticket Control.release.xcconfig */ = {isa = PBXFileReference; includeInIndex = 1; lastKnownFileType = text.xcconfig; name = "Pods-Ticket Control.release.xcconfig"; path = "Ticket Control/Pods/Target Support Files/Pods-Ticket Control/Pods-Ticket Control.release.xcconfig"; sourceTree = "<group>"; };
		D3A8B23031F23FDD54A3E232 /* Pods.debug.xcconfig */ = {isa = PBXFileReference; includeInIndex = 1; lastKnownFileType = text.xcconfig; name = Pods.debug.xcconfig; path = "Ticket Control/Pods/Target Support Files/Pods/Pods.debug.xcconfig"; sourceTree = "<group>"; };
		D64FDC276D6CF0EB6874F309 /* Pods-Ticket Control.debug.xcconfig */ = {isa = PBXFileReference; includeInIndex = 1; lastKnownFileType = text.xcconfig; name = "Pods-Ticket Control.debug.xcconfig"; path = "Ticket Control/Pods/Target Support Files/Pods-Ticket Control/Pods-Ticket Control.debug.xcconfig"; sourceTree = "<group>"; };
		DC2C2B9057CA7FD3BDE4B201 /* Pods.release.xcconfig */ = {isa = PBXFileReference; includeInIndex = 1; lastKnownFileType = text.xcconfig; name = Pods.release.xcconfig; path = "Ticket Control/Pods/Target Support Files/Pods/Pods.release.xcconfig"; sourceTree = "<group>"; };
/* End PBXFileReference section */

/* Begin PBXFrameworksBuildPhase section */
		BD2431B219A608CC008BC19A /* Frameworks */ = {
			isa = PBXFrameworksBuildPhase;
			buildActionMask = 2147483647;
			files = (
				BD82990919BF672B008C54BD /* AudioToolbox.framework in Frameworks */,
				BD2431F219A60957008BC19A /* MobilogicsCore.framework in Frameworks */,
				BD2431F119A60957008BC19A /* Barcode.framework in Frameworks */,
				BD2431EE19A6093C008BC19A /* libstdc++.6.dylib in Frameworks */,
				BD2431BB19A608CC008BC19A /* CoreGraphics.framework in Frameworks */,
				BD2431BD19A608CC008BC19A /* UIKit.framework in Frameworks */,
				BD2431B919A608CC008BC19A /* Foundation.framework in Frameworks */,
				CA4AA12C53A1468B96A9D489 /* libPods.a in Frameworks */,
				AC2809873B6D19CFEB432A04 /* Pods_Ticket_Control.framework in Frameworks */,
			);
			runOnlyForDeploymentPostprocessing = 0;
		};
		BD2431D319A608CC008BC19A /* Frameworks */ = {
			isa = PBXFrameworksBuildPhase;
			buildActionMask = 2147483647;
			files = (
				BD2431D819A608CC008BC19A /* XCTest.framework in Frameworks */,
				BD2431DA19A608CC008BC19A /* UIKit.framework in Frameworks */,
				BD2431D919A608CC008BC19A /* Foundation.framework in Frameworks */,
			);
			runOnlyForDeploymentPostprocessing = 0;
		};
/* End PBXFrameworksBuildPhase section */

/* Begin PBXGroup section */
		9B90DACA3F86636C04DFC27D /* Pods */ = {
			isa = PBXGroup;
			children = (
				D3A8B23031F23FDD54A3E232 /* Pods.debug.xcconfig */,
				DC2C2B9057CA7FD3BDE4B201 /* Pods.release.xcconfig */,
				D64FDC276D6CF0EB6874F309 /* Pods-Ticket Control.debug.xcconfig */,
				C4FC624B07DA8C45615AAFEE /* Pods-Ticket Control.release.xcconfig */,
			);
			name = Pods;
			sourceTree = "<group>";
		};
		BD2431AC19A608CC008BC19A = {
			isa = PBXGroup;
			children = (
				BD2431BE19A608CC008BC19A /* Ticket Control */,
				BD2431DD19A608CC008BC19A /* Ticket ControlTests */,
				BD2431B719A608CC008BC19A /* Frameworks */,
				BD2431B619A608CC008BC19A /* Products */,
				9B90DACA3F86636C04DFC27D /* Pods */,
			);
			sourceTree = "<group>";
		};
		BD2431B619A608CC008BC19A /* Products */ = {
			isa = PBXGroup;
			children = (
				BD2431B519A608CC008BC19A /* Ticket Scanner.app */,
				BD2431D619A608CC008BC19A /* Ticket ControlTests.xctest */,
			);
			name = Products;
			sourceTree = "<group>";
		};
		BD2431B719A608CC008BC19A /* Frameworks */ = {
			isa = PBXGroup;
			children = (
				BD82990819BF672A008C54BD /* AudioToolbox.framework */,
				BD2431EF19A60957008BC19A /* Barcode.framework */,
				BD2431F019A60957008BC19A /* MobilogicsCore.framework */,
				BD2431ED19A6093C008BC19A /* libstdc++.6.dylib */,
				BD2431B819A608CC008BC19A /* Foundation.framework */,
				BD2431BA19A608CC008BC19A /* CoreGraphics.framework */,
				BD2431BC19A608CC008BC19A /* UIKit.framework */,
				BD2431D719A608CC008BC19A /* XCTest.framework */,
				07FEC220309E4A4EA091B59C /* libPods.a */,
				87E81DE4C6ECD98440E96FFC /* Pods_Ticket_Control.framework */,
			);
			name = Frameworks;
			sourceTree = "<group>";
		};
		BD2431BE19A608CC008BC19A /* Ticket Control */ = {
			isa = PBXGroup;
			children = (
				BDC6B48519C0F474004E2BB1 /* Ticket Control.entitlements */,
				BD2431CA19A608CC008BC19A /* Main.storyboard */,
				BD48910119AA312500A2EB62 /* Settings.bundle */,
				BD48910019AA2CDB00A2EB62 /* Sources */,
				BD2431D019A608CC008BC19A /* Images.xcassets */,
				BD82990519BF63FA008C54BD /* Sounds */,
				BD2431BF19A608CC008BC19A /* Supporting Files */,
				BD347E081C1E1A7800EBDBFD /* README.md */,
			);
			path = "Ticket Control";
			sourceTree = "<group>";
		};
		BD2431BF19A608CC008BC19A /* Supporting Files */ = {
			isa = PBXGroup;
			children = (
				BDB9BDEA1A742C1800865D2C /* Localizable.strings */,
				BD2431C019A608CC008BC19A /* Ticket Control-Info.plist */,
				BD2431C419A608CC008BC19A /* main.m */,
				BD2431C619A608CC008BC19A /* Ticket Control-Prefix.pch */,
				BD11A19319B9D38A00A94BBD /* Podfile */,
			);
			name = "Supporting Files";
			sourceTree = "<group>";
		};
		BD2431DD19A608CC008BC19A /* Ticket ControlTests */ = {
			isa = PBXGroup;
			children = (
				BD2431E319A608CC008BC19A /* Ticket_ControlTests.m */,
				BD2431DE19A608CC008BC19A /* Supporting Files */,
			);
			path = "Ticket ControlTests";
			sourceTree = "<group>";
		};
		BD2431DE19A608CC008BC19A /* Supporting Files */ = {
			isa = PBXGroup;
			children = (
				BD2431DF19A608CC008BC19A /* Ticket ControlTests-Info.plist */,
			);
			name = "Supporting Files";
			sourceTree = "<group>";
		};
		BD48910019AA2CDB00A2EB62 /* Sources */ = {
			isa = PBXGroup;
			children = (
				BD59E6F3206916030049B322 /* Unused */,
				BD4057DA19AA70B100B3658F /* VTKConstants.h */,
				BD14FA8519AD51E20013B226 /* VTKConstants.m */,
				BD2431C719A608CC008BC19A /* VTKAppDelegate.h */,
				BD2431C819A608CC008BC19A /* VTKAppDelegate.m */,
				BD535D8819FD1B3D004940A6 /* Controller */,
				BD535D8919FD1B7A004940A6 /* Models */,
				BDAD2ED819FD187300F38B08 /* BarcodeScannerManager */,
			);
			name = Sources;
			sourceTree = "<group>";
		};
		BD535D8819FD1B3D004940A6 /* Controller */ = {
			isa = PBXGroup;
			children = (
				BD2431CD19A608CC008BC19A /* VTKScanViewController.h */,
				BD2431CE19A608CC008BC19A /* VTKScanViewController.m */,
				BD5CFC6419ACAB1D009851C3 /* VTKLogTableViewController.h */,
				BD5CFC6519ACAB1D009851C3 /* VTKLogTableViewController.m */,
				BD11A19019B83BEE00A94BBD /* VTKLogDetailTableViewController.h */,
				BD11A19119B83BEE00A94BBD /* VTKLogDetailTableViewController.m */,
				BD920C0B207FED5F00CF8406 /* OnlineSummaryViewController.swift */,
				BD81CFBA2056F67100F3CB47 /* CameraBarcodeReaderViewController.swift */,
				BDEDE5C3207EAEDB005B06D2 /* SplitScanViewController.swift */,
				BD81CFB92056F67000F3CB47 /* Ticket Control-Bridging-Header.h */,
			);
			name = Controller;
			sourceTree = "<group>";
		};
		BD535D8919FD1B7A004940A6 /* Models */ = {
			isa = PBXGroup;
			children = (
				BD8262631AD9D8D20050F100 /* VTKServerAPIAdapter.h */,
				BD8262641AD9D8D20050F100 /* VTKServerAPIAdapter.m */,
				BDF9F49C1AD888EF0090DDA7 /* VTKServerAPI.h */,
				BDF9F49D1AD888EF0090DDA7 /* VTKServerAPI.m */,
				BDF9F4991AD870D90090DDA7 /* VTKSettings.h */,
				BDF9F49A1AD870D90090DDA7 /* VTKSettings.m */,
				BD7B89C119A91CF400FBAC76 /* VTKScanResultItem.h */,
				BD7B89C219A91CF400FBAC76 /* VTKScanResultItem.m */,
				BD14FA8719ADF65E0013B226 /* VTKServerCommand.h */,
				BD14FA8819ADF65E0013B226 /* VTKServerCommand.m */,
				BD4890FD19AA1A3500A2EB62 /* VTKValidatorResponse.h */,
				BD4890FE19AA1A3500A2EB62 /* VTKValidatorResponse.m */,
			);
			name = Models;
			sourceTree = "<group>";
		};
		BD59E6F3206916030049B322 /* Unused */ = {
			isa = PBXGroup;
			children = (
				BD8262621AD9D2C50050F100 /* VTKBarcodeValidatorProtocol.h */,
				BDBE0DF81AD5C0BA00D7A288 /* VTKOnlineConnectViewController.h */,
				BDBE0DF91AD5C0BA00D7A288 /* VTKOnlineConnectViewController.m */,
				BDBE0DF51AD5B98300D7A288 /* VTKOfflineEventsViewController.h */,
				BDBE0DF61AD5B98300D7A288 /* VTKOfflineEventsViewController.m */,
			);
			name = Unused;
			sourceTree = "<group>";
		};
		BD82990519BF63FA008C54BD /* Sounds */ = {
			isa = PBXGroup;
			children = (
				BD4CB46219C6FD7900C5E15C /* allowed2.wav */,
				BD4CB46319C6FD7900C5E15C /* allowed.wav */,
				BD4CB46619C6FD7900C5E15C /* denied.wav */,
				BD4CB46819C6FD7900C5E15C /* denied2.wav */,
			);
			name = Sounds;
			sourceTree = "<group>";
		};
		BDAD2ED819FD187300F38B08 /* BarcodeScannerManager */ = {
			isa = PBXGroup;
			children = (
				BDED27D21A86CF1B00C106EA /* VTKScannerManager.h */,
				BDED27D31A86CF1B00C106EA /* VTKScannerManager.m */,
				BD11A19519B9D76500A94BBD /* VTKBarcodeScannerProtocol.h */,
				BDED27D51A86D71E00C106EA /* VTKMobilogicsScanner.h */,
				BDED27D61A86D71E00C106EA /* VTKMobilogicsScanner.m */,
				BDED27D81A86D74100C106EA /* VTKInfinitePeripheralsScanner.h */,
				BDED27D91A86D74100C106EA /* VTKInfinitePeripheralsScanner.m */,
				BDED27DB1A86D75800C106EA /* VTKHoneywellScanner.h */,
				BDED27DC1A86D75800C106EA /* VTKHoneywellScanner.m */,
				BD59E6F12068BE090049B322 /* VTKScannerDelegateProtocol.h */,
			);
			name = BarcodeScannerManager;
			sourceTree = "<group>";
		};
/* End PBXGroup section */

/* Begin PBXNativeTarget section */
		BD2431B419A608CC008BC19A /* Ticket Control */ = {
			isa = PBXNativeTarget;
			buildConfigurationList = BD2431E719A608CC008BC19A /* Build configuration list for PBXNativeTarget "Ticket Control" */;
			buildPhases = (
				CA131F3ACD9D0502DB5741B1 /* [CP] Check Pods Manifest.lock */,
				230B6059DD5D427C970E5036 /* Check Pods Manifest.lock */,
				BD2431B119A608CC008BC19A /* Sources */,
				BD2431B219A608CC008BC19A /* Frameworks */,
				BD2431B319A608CC008BC19A /* Resources */,
				BD11A18F19B7952800A94BBD /* ShellScript */,
				F469EBA09B666E14DCCE3535 /* Embed Pods Frameworks */,
				FC83B7B94C22AE5BBD3112A6 /* [CP] Embed Pods Frameworks */,
			);
			buildRules = (
			);
			dependencies = (
			);
			name = "Ticket Control";
			productName = "Ticket Control";
			productReference = BD2431B519A608CC008BC19A /* Ticket Scanner.app */;
			productType = "com.apple.product-type.application";
		};
		BD2431D519A608CC008BC19A /* Ticket ControlTests */ = {
			isa = PBXNativeTarget;
			buildConfigurationList = BD2431EA19A608CC008BC19A /* Build configuration list for PBXNativeTarget "Ticket ControlTests" */;
			buildPhases = (
				BD2431D219A608CC008BC19A /* Sources */,
				BD2431D319A608CC008BC19A /* Frameworks */,
				BD2431D419A608CC008BC19A /* Resources */,
			);
			buildRules = (
			);
			dependencies = (
				BD2431DC19A608CC008BC19A /* PBXTargetDependency */,
			);
			name = "Ticket ControlTests";
			productName = "Ticket ControlTests";
			productReference = BD2431D619A608CC008BC19A /* Ticket ControlTests.xctest */;
			productType = "com.apple.product-type.bundle.unit-test";
		};
/* End PBXNativeTarget section */

/* Begin PBXProject section */
		BD2431AD19A608CC008BC19A /* Project object */ = {
			isa = PBXProject;
			attributes = {
				CLASSPREFIX = VTK;
				LastUpgradeCheck = 0930;
				ORGANIZATIONNAME = "v-Ticket system";
				TargetAttributes = {
					BD2431B419A608CC008BC19A = {
						DevelopmentTeam = 2PA7N3Y7EY;
						LastSwiftMigration = 0900;
						SystemCapabilities = {
							com.apple.GameCenter = {
								enabled = 0;
							};
							com.apple.InAppPurchase = {
								enabled = 0;
							};
							com.apple.WAC = {
								enabled = 0;
							};
						};
					};
					BD2431D519A608CC008BC19A = {
						TestTargetID = BD2431B419A608CC008BC19A;
					};
				};
			};
			buildConfigurationList = BD2431B019A608CC008BC19A /* Build configuration list for PBXProject "Ticket Control" */;
			compatibilityVersion = "Xcode 8.0";
			developmentRegion = Russian;
			hasScannedForEncodings = 0;
			knownRegions = (
				Base,
				English,
				ru,
				uk,
				en,
			);
			mainGroup = BD2431AC19A608CC008BC19A;
			productRefGroup = BD2431B619A608CC008BC19A /* Products */;
			projectDirPath = "";
			projectRoot = "";
			targets = (
				BD2431B419A608CC008BC19A /* Ticket Control */,
				BD2431D519A608CC008BC19A /* Ticket ControlTests */,
			);
		};
/* End PBXProject section */

/* Begin PBXResourcesBuildPhase section */
		BD2431B319A608CC008BC19A /* Resources */ = {
			isa = PBXResourcesBuildPhase;
			buildActionMask = 2147483647;
			files = (
				BD11A19419B9D38A00A94BBD /* Podfile in Resources */,
				BD48910219AA312500A2EB62 /* Settings.bundle in Resources */,
				BD2431D119A608CC008BC19A /* Images.xcassets in Resources */,
				BD4CB46919C6FD7900C5E15C /* allowed2.wav in Resources */,
				BDB9BDE81A742C1800865D2C /* Localizable.strings in Resources */,
				BD2431CC19A608CC008BC19A /* Main.storyboard in Resources */,
				BD4CB46A19C6FD7900C5E15C /* allowed.wav in Resources */,
				BD4CB46F19C6FD7900C5E15C /* denied2.wav in Resources */,
				BD4CB46D19C6FD7900C5E15C /* denied.wav in Resources */,
			);
			runOnlyForDeploymentPostprocessing = 0;
		};
		BD2431D419A608CC008BC19A /* Resources */ = {
			isa = PBXResourcesBuildPhase;
			buildActionMask = 2147483647;
			files = (
			);
			runOnlyForDeploymentPostprocessing = 0;
		};
/* End PBXResourcesBuildPhase section */

/* Begin PBXShellScriptBuildPhase section */
		230B6059DD5D427C970E5036 /* Check Pods Manifest.lock */ = {
			isa = PBXShellScriptBuildPhase;
			buildActionMask = 2147483647;
			files = (
			);
			inputPaths = (
			);
			name = "Check Pods Manifest.lock";
			outputPaths = (
			);
			runOnlyForDeploymentPostprocessing = 0;
			shellPath = /bin/sh;
			shellScript = "diff \"${PODS_ROOT}/../Podfile.lock\" \"${PODS_ROOT}/Manifest.lock\" > /dev/null\nif [[ $? != 0 ]] ; then\n    cat << EOM\nerror: The sandbox is not in sync with the Podfile.lock. Run 'pod install' or update your CocoaPods installation.\nEOM\n    exit 1\nfi\n";
			showEnvVarsInLog = 0;
		};
		BD11A18F19B7952800A94BBD /* ShellScript */ = {
			isa = PBXShellScriptBuildPhase;
			buildActionMask = 2147483647;
			files = (
			);
			inputPaths = (
			);
			outputPaths = (
			);
			runOnlyForDeploymentPostprocessing = 0;
			shellPath = /bin/sh;
			shellScript = "#!/bin/bash\nbuildNumber=$(/usr/libexec/PlistBuddy -c \"Print CFBundleVersion\" \"$INFOPLIST_FILE\")\nbuildNumber=$(($buildNumber + 1))\n/usr/libexec/PlistBuddy -c \"Set :CFBundleVersion $buildNumber\" \"$INFOPLIST_FILE\"";
		};
		CA131F3ACD9D0502DB5741B1 /* [CP] Check Pods Manifest.lock */ = {
			isa = PBXShellScriptBuildPhase;
			buildActionMask = 2147483647;
			files = (
			);
			inputPaths = (
				"${PODS_PODFILE_DIR_PATH}/Podfile.lock",
				"${PODS_ROOT}/Manifest.lock",
			);
			name = "[CP] Check Pods Manifest.lock";
			outputPaths = (
				"$(DERIVED_FILE_DIR)/Pods-Ticket Control-checkManifestLockResult.txt",
			);
			runOnlyForDeploymentPostprocessing = 0;
			shellPath = /bin/sh;
			shellScript = "diff \"${PODS_PODFILE_DIR_PATH}/Podfile.lock\" \"${PODS_ROOT}/Manifest.lock\" > /dev/null\nif [ $? != 0 ] ; then\n    # print error to STDERR\n    echo \"error: The sandbox is not in sync with the Podfile.lock. Run 'pod install' or update your CocoaPods installation.\" >&2\n    exit 1\nfi\n# This output is used by Xcode 'outputs' to avoid re-running this script phase.\necho \"SUCCESS\" > \"${SCRIPT_OUTPUT_FILE_0}\"\n";
			showEnvVarsInLog = 0;
		};
		F469EBA09B666E14DCCE3535 /* Embed Pods Frameworks */ = {
			isa = PBXShellScriptBuildPhase;
			buildActionMask = 2147483647;
			files = (
			);
			inputPaths = (
			);
			name = "Embed Pods Frameworks";
			outputPaths = (
			);
			runOnlyForDeploymentPostprocessing = 0;
			shellPath = /bin/sh;
			shellScript = "\"${SRCROOT}/Ticket Control/Pods/Target Support Files/Pods-Ticket Control/Pods-Ticket Control-frameworks.sh\"\n";
			showEnvVarsInLog = 0;
		};
		FC83B7B94C22AE5BBD3112A6 /* [CP] Embed Pods Frameworks */ = {
			isa = PBXShellScriptBuildPhase;
			buildActionMask = 2147483647;
			files = (
			);
			inputPaths = (
				"${SRCROOT}/Ticket Control/Pods/Target Support Files/Pods-Ticket Control/Pods-Ticket Control-frameworks.sh",
				"${BUILT_PRODUCTS_DIR}/AFJSONRPCClient/AFJSONRPCClient.framework",
				"${BUILT_PRODUCTS_DIR}/AFNetworking/AFNetworking.framework",
			);
			name = "[CP] Embed Pods Frameworks";
			outputPaths = (
				"${TARGET_BUILD_DIR}/${FRAMEWORKS_FOLDER_PATH}/AFJSONRPCClient.framework",
				"${TARGET_BUILD_DIR}/${FRAMEWORKS_FOLDER_PATH}/AFNetworking.framework",
			);
			runOnlyForDeploymentPostprocessing = 0;
			shellPath = /bin/sh;
			shellScript = "\"${SRCROOT}/Ticket Control/Pods/Target Support Files/Pods-Ticket Control/Pods-Ticket Control-frameworks.sh\"\n";
			showEnvVarsInLog = 0;
		};
/* End PBXShellScriptBuildPhase section */

/* Begin PBXSourcesBuildPhase section */
		BD2431B119A608CC008BC19A /* Sources */ = {
			isa = PBXSourcesBuildPhase;
			buildActionMask = 2147483647;
			files = (
				BD920C0C207FED5F00CF8406 /* OnlineSummaryViewController.swift in Sources */,
				BDED27DA1A86D74100C106EA /* VTKInfinitePeripheralsScanner.m in Sources */,
				BDED27D71A86D71E00C106EA /* VTKMobilogicsScanner.m in Sources */,
				BDED27D41A86CF1B00C106EA /* VTKScannerManager.m in Sources */,
				BD347E091C1E1A7800EBDBFD /* README.md in Sources */,
				BD2431C519A608CC008BC19A /* main.m in Sources */,
				BD5CFC6619ACAB1D009851C3 /* VTKLogTableViewController.m in Sources */,
				BDBE0DFA1AD5C0BA00D7A288 /* VTKOnlineConnectViewController.m in Sources */,
				BD2431CF19A608CC008BC19A /* VTKScanViewController.m in Sources */,
				BD8262651AD9D8D20050F100 /* VTKServerAPIAdapter.m in Sources */,
				BDF9F49E1AD888EF0090DDA7 /* VTKServerAPI.m in Sources */,
				BDF9F49B1AD870D90090DDA7 /* VTKSettings.m in Sources */,
				BD81CFBB2056F67100F3CB47 /* CameraBarcodeReaderViewController.swift in Sources */,
				BDED27DD1A86D75800C106EA /* VTKHoneywellScanner.m in Sources */,
				BD7B89C319A91CF400FBAC76 /* VTKScanResultItem.m in Sources */,
				BDEDE5C4207EAEDB005B06D2 /* SplitScanViewController.swift in Sources */,
				BDBE0DF71AD5B98300D7A288 /* VTKOfflineEventsViewController.m in Sources */,
				BD2431C919A608CC008BC19A /* VTKAppDelegate.m in Sources */,
				BD14FA8619AD51E20013B226 /* VTKConstants.m in Sources */,
				BD11A19219B83BEE00A94BBD /* VTKLogDetailTableViewController.m in Sources */,
				BD14FA8919ADF65E0013B226 /* VTKServerCommand.m in Sources */,
				BD4890FF19AA1A3500A2EB62 /* VTKValidatorResponse.m in Sources */,
			);
			runOnlyForDeploymentPostprocessing = 0;
		};
		BD2431D219A608CC008BC19A /* Sources */ = {
			isa = PBXSourcesBuildPhase;
			buildActionMask = 2147483647;
			files = (
				BD2431E419A608CC008BC19A /* Ticket_ControlTests.m in Sources */,
			);
			runOnlyForDeploymentPostprocessing = 0;
		};
/* End PBXSourcesBuildPhase section */

/* Begin PBXTargetDependency section */
		BD2431DC19A608CC008BC19A /* PBXTargetDependency */ = {
			isa = PBXTargetDependency;
			target = BD2431B419A608CC008BC19A /* Ticket Control */;
			targetProxy = BD2431DB19A608CC008BC19A /* PBXContainerItemProxy */;
		};
/* End PBXTargetDependency section */

/* Begin PBXVariantGroup section */
		BD2431CA19A608CC008BC19A /* Main.storyboard */ = {
			isa = PBXVariantGroup;
			children = (
				BD2431CB19A608CC008BC19A /* Base */,
				BDA6863A1A732A8A002FE408 /* uk */,
				BD46A8311A7ACBEF00D8B29D /* ru */,
				BD60DD631AD09A8E00DD6647 /* en */,
			);
			name = Main.storyboard;
			sourceTree = "<group>";
		};
		BDB9BDEA1A742C1800865D2C /* Localizable.strings */ = {
			isa = PBXVariantGroup;
			children = (
				BDB9BDE91A742C1800865D2C /* Base */,
				BDB9BDED1A742C2000865D2C /* uk */,
				BD46A82F1A7AC55200D8B29D /* ru */,
				BD59E6F2206914110049B322 /* en */,
			);
			name = Localizable.strings;
			sourceTree = "<group>";
		};
/* End PBXVariantGroup section */

/* Begin XCBuildConfiguration section */
		BD2431E519A608CC008BC19A /* Debug */ = {
			isa = XCBuildConfiguration;
			buildSettings = {
				ALWAYS_SEARCH_USER_PATHS = NO;
				CLANG_ANALYZER_LOCALIZABILITY_NONLOCALIZED = YES;
				CLANG_CXX_LANGUAGE_STANDARD = "gnu++0x";
				CLANG_CXX_LIBRARY = "libc++";
				CLANG_ENABLE_MODULES = YES;
				CLANG_ENABLE_OBJC_ARC = YES;
				CLANG_WARN_BLOCK_CAPTURE_AUTORELEASING = YES;
				CLANG_WARN_BOOL_CONVERSION = YES;
				CLANG_WARN_COMMA = YES;
				CLANG_WARN_CONSTANT_CONVERSION = YES;
				CLANG_WARN_DEPRECATED_OBJC_IMPLEMENTATIONS = YES;
				CLANG_WARN_DIRECT_OBJC_ISA_USAGE = YES_ERROR;
				CLANG_WARN_EMPTY_BODY = YES;
				CLANG_WARN_ENUM_CONVERSION = YES;
				CLANG_WARN_INFINITE_RECURSION = YES;
				CLANG_WARN_INT_CONVERSION = YES;
				CLANG_WARN_NON_LITERAL_NULL_CONVERSION = YES;
				CLANG_WARN_OBJC_IMPLICIT_RETAIN_SELF = YES;
				CLANG_WARN_OBJC_LITERAL_CONVERSION = YES;
				CLANG_WARN_OBJC_ROOT_CLASS = YES_ERROR;
				CLANG_WARN_RANGE_LOOP_ANALYSIS = YES;
				CLANG_WARN_STRICT_PROTOTYPES = YES;
				CLANG_WARN_SUSPICIOUS_MOVE = YES;
				CLANG_WARN_UNREACHABLE_CODE = YES;
				CLANG_WARN__DUPLICATE_METHOD_MATCH = YES;
				CODE_SIGN_IDENTITY = "iPhone Developer: Yevgen Lysenko (74QXWWT48T)";
				"CODE_SIGN_IDENTITY[sdk=iphoneos*]" = "iPhone Developer: Yevgen Lysenko (74QXWWT48T)";
				COPY_PHASE_STRIP = NO;
				ENABLE_STRICT_OBJC_MSGSEND = YES;
				ENABLE_TESTABILITY = YES;
				FRAMEWORK_SEARCH_PATHS = "$(LOCAL_LIBRARY_DIR)/Frameworks/Mobilogics.framework";
				GCC_C_LANGUAGE_STANDARD = gnu99;
				GCC_DYNAMIC_NO_PIC = NO;
				GCC_NO_COMMON_BLOCKS = YES;
				GCC_OPTIMIZATION_LEVEL = 0;
				GCC_PREPROCESSOR_DEFINITIONS = (
					"DEBUG=1",
					"$(inherited)",
				);
				GCC_SYMBOLS_PRIVATE_EXTERN = NO;
				GCC_WARN_64_TO_32_BIT_CONVERSION = YES;
				GCC_WARN_ABOUT_RETURN_TYPE = YES_ERROR;
				GCC_WARN_UNDECLARED_SELECTOR = YES;
				GCC_WARN_UNINITIALIZED_AUTOS = YES_AGGRESSIVE;
				GCC_WARN_UNUSED_FUNCTION = YES;
				GCC_WARN_UNUSED_VARIABLE = YES;
				HEADER_SEARCH_PATHS = (
					"$(inherited)",
					/Applications/Xcode.app/Contents/Developer/Toolchains/XcodeDefault.xctoolchain/usr/include,
				);
				IPHONEOS_DEPLOYMENT_TARGET = 8.0;
				ONLY_ACTIVE_ARCH = YES;
				OTHER_LDFLAGS = (
					"-ObjC",
					"-all_load",
				);
				PROVISIONING_PROFILE = "56a313d3-3e51-4873-9c9d-b160ecf936ab";
				SDKROOT = iphoneos;
				VERSIONING_SYSTEM = "apple-generic";
			};
			name = Debug;
		};
		BD2431E619A608CC008BC19A /* Release */ = {
			isa = XCBuildConfiguration;
			buildSettings = {
				ALWAYS_SEARCH_USER_PATHS = NO;
				CLANG_ANALYZER_LOCALIZABILITY_NONLOCALIZED = YES;
				CLANG_CXX_LANGUAGE_STANDARD = "gnu++0x";
				CLANG_CXX_LIBRARY = "libc++";
				CLANG_ENABLE_MODULES = YES;
				CLANG_ENABLE_OBJC_ARC = YES;
				CLANG_WARN_BLOCK_CAPTURE_AUTORELEASING = YES;
				CLANG_WARN_BOOL_CONVERSION = YES;
				CLANG_WARN_COMMA = YES;
				CLANG_WARN_CONSTANT_CONVERSION = YES;
				CLANG_WARN_DEPRECATED_OBJC_IMPLEMENTATIONS = YES;
				CLANG_WARN_DIRECT_OBJC_ISA_USAGE = YES_ERROR;
				CLANG_WARN_EMPTY_BODY = YES;
				CLANG_WARN_ENUM_CONVERSION = YES;
				CLANG_WARN_INFINITE_RECURSION = YES;
				CLANG_WARN_INT_CONVERSION = YES;
				CLANG_WARN_NON_LITERAL_NULL_CONVERSION = YES;
				CLANG_WARN_OBJC_IMPLICIT_RETAIN_SELF = YES;
				CLANG_WARN_OBJC_LITERAL_CONVERSION = YES;
				CLANG_WARN_OBJC_ROOT_CLASS = YES_ERROR;
				CLANG_WARN_RANGE_LOOP_ANALYSIS = YES;
				CLANG_WARN_STRICT_PROTOTYPES = YES;
				CLANG_WARN_SUSPICIOUS_MOVE = YES;
				CLANG_WARN_UNREACHABLE_CODE = YES;
				CLANG_WARN__DUPLICATE_METHOD_MATCH = YES;
				CODE_SIGN_IDENTITY = "iPhone Distribution: VIRUS Music, LLC (2PA7N3Y7EY)";
				"CODE_SIGN_IDENTITY[sdk=iphoneos*]" = "iPhone Distribution: VIRUS Music, LLC (2PA7N3Y7EY)";
				COPY_PHASE_STRIP = YES;
				ENABLE_NS_ASSERTIONS = NO;
				ENABLE_STRICT_OBJC_MSGSEND = YES;
				FRAMEWORK_SEARCH_PATHS = "$(LOCAL_LIBRARY_DIR)/Frameworks/Mobilogics.framework";
				GCC_C_LANGUAGE_STANDARD = gnu99;
				GCC_NO_COMMON_BLOCKS = YES;
				GCC_WARN_64_TO_32_BIT_CONVERSION = YES;
				GCC_WARN_ABOUT_RETURN_TYPE = YES_ERROR;
				GCC_WARN_UNDECLARED_SELECTOR = YES;
				GCC_WARN_UNINITIALIZED_AUTOS = YES_AGGRESSIVE;
				GCC_WARN_UNUSED_FUNCTION = YES;
				GCC_WARN_UNUSED_VARIABLE = YES;
				HEADER_SEARCH_PATHS = (
					"$(inherited)",
					/Applications/Xcode.app/Contents/Developer/Toolchains/XcodeDefault.xctoolchain/usr/include,
				);
				IPHONEOS_DEPLOYMENT_TARGET = 8.0;
				OTHER_LDFLAGS = (
					"-ObjC",
					"-all_load",
				);
				PROVISIONING_PROFILE = "56a313d3-3e51-4873-9c9d-b160ecf936ab";
				SDKROOT = iphoneos;
				SWIFT_COMPILATION_MODE = wholemodule;
				VALIDATE_PRODUCT = YES;
				VERSIONING_SYSTEM = "apple-generic";
			};
			name = Release;
		};
		BD2431E819A608CC008BC19A /* Debug */ = {
			isa = XCBuildConfiguration;
			baseConfigurationReference = D64FDC276D6CF0EB6874F309 /* Pods-Ticket Control.debug.xcconfig */;
			buildSettings = {
				ASSETCATALOG_COMPILER_APPICON_NAME = AppIcon;
				ASSETCATALOG_COMPILER_LAUNCHIMAGE_NAME = LaunchImage;
				CLANG_ALLOW_NON_MODULAR_INCLUDES_IN_FRAMEWORK_MODULES = YES;
				CLANG_ENABLE_MODULES = YES;
				CODE_SIGN_IDENTITY = "iPhone Developer";
				"CODE_SIGN_IDENTITY[sdk=iphoneos*]" = "iPhone Developer";
				CURRENT_PROJECT_VERSION = "";
				DEVELOPMENT_TEAM = 2PA7N3Y7EY;
				ENABLE_BITCODE = NO;
				FRAMEWORK_SEARCH_PATHS = $inherited;
				GCC_PRECOMPILE_PREFIX_HEADER = YES;
				GCC_PREFIX_HEADER = "Ticket Control/Ticket Control-Prefix.pch";
				HEADER_SEARCH_PATHS = (
					"$(inherited)",
					/Applications/Xcode.app/Contents/Developer/Toolchains/XcodeDefault.xctoolchain/usr/include,
				);
				INFOPLIST_FILE = "Ticket Control/Ticket Control-Info.plist";
				IPHONEOS_DEPLOYMENT_TARGET = 8.0;
				LD_RUNPATH_SEARCH_PATHS = "$(inherited) @executable_path/Frameworks";
				LIBRARY_SEARCH_PATHS = "$(inherited)";
				PRODUCT_BUNDLE_IDENTIFIER = "com.v-ticket.Ticket-Control";
				PRODUCT_NAME = "Ticket Scanner";
				PROVISIONING_PROFILE = "92fa9fc0-b289-4702-a069-bc866c3cf3da";
				PROVISIONING_PROFILE_SPECIFIER = "Chief's iPhone 7 Plus devel profile";
				SWIFT_OBJC_BRIDGING_HEADER = "Ticket Control/Ticket Control-Bridging-Header.h";
				SWIFT_OPTIMIZATION_LEVEL = "-Onone";
				SWIFT_VERSION = 3.0;
				TARGETED_DEVICE_FAMILY = "1,2";
				USER_HEADER_SEARCH_PATHS = "";
				VERSIONING_SYSTEM = "apple-generic";
				VERSION_INFO_FILE = "$(PRODUCT_NAME)_vers.c";
				WRAPPER_EXTENSION = app;
			};
			name = Debug;
		};
		BD2431E919A608CC008BC19A /* Release */ = {
			isa = XCBuildConfiguration;
			baseConfigurationReference = C4FC624B07DA8C45615AAFEE /* Pods-Ticket Control.release.xcconfig */;
			buildSettings = {
				ASSETCATALOG_COMPILER_APPICON_NAME = AppIcon;
				ASSETCATALOG_COMPILER_LAUNCHIMAGE_NAME = LaunchImage;
				CLANG_ALLOW_NON_MODULAR_INCLUDES_IN_FRAMEWORK_MODULES = YES;
				CLANG_ENABLE_MODULES = YES;
				CODE_SIGN_IDENTITY = "iPhone Distribution: VIRUS Music, LLC";
				"CODE_SIGN_IDENTITY[sdk=iphoneos*]" = "iPhone Distribution: VIRUS Music, LLC";
				CURRENT_PROJECT_VERSION = "";
				DEVELOPMENT_TEAM = 2PA7N3Y7EY;
				ENABLE_BITCODE = NO;
				FRAMEWORK_SEARCH_PATHS = $inherited;
				GCC_PRECOMPILE_PREFIX_HEADER = YES;
				GCC_PREFIX_HEADER = "Ticket Control/Ticket Control-Prefix.pch";
				HEADER_SEARCH_PATHS = (
					"$(inherited)",
					/Applications/Xcode.app/Contents/Developer/Toolchains/XcodeDefault.xctoolchain/usr/include,
				);
				INFOPLIST_FILE = "Ticket Control/Ticket Control-Info.plist";
				IPHONEOS_DEPLOYMENT_TARGET = 8.0;
				LD_RUNPATH_SEARCH_PATHS = "$(inherited) @executable_path/Frameworks";
				LIBRARY_SEARCH_PATHS = "$(inherited)";
				PRODUCT_BUNDLE_IDENTIFIER = "com.v-ticket.Ticket-Control";
				PRODUCT_NAME = "Ticket Scanner";
				PROVISIONING_PROFILE = "5079af86-60a7-4657-bbfc-d30a60068f92";
				PROVISIONING_PROFILE_SPECIFIER = "Ticket Control distribution";
				SWIFT_OBJC_BRIDGING_HEADER = "Ticket Control/Ticket Control-Bridging-Header.h";
				SWIFT_VERSION = 3.0;
				TARGETED_DEVICE_FAMILY = "1,2";
				USER_HEADER_SEARCH_PATHS = "";
				VERSIONING_SYSTEM = "apple-generic";
				VERSION_INFO_FILE = "$(PRODUCT_NAME)_vers.c";
				WRAPPER_EXTENSION = app;
			};
			name = Release;
		};
		BD2431EB19A608CC008BC19A /* Debug */ = {
			isa = XCBuildConfiguration;
			buildSettings = {
				ALWAYS_EMBED_SWIFT_STANDARD_LIBRARIES = YES;
				BUNDLE_LOADER = "$(BUILT_PRODUCTS_DIR)/Ticket Control.app/Ticket Control";
				FRAMEWORK_SEARCH_PATHS = (
					"$(SDKROOT)/Developer/Library/Frameworks",
					"$(inherited)",
					"$(DEVELOPER_FRAMEWORKS_DIR)",
					"$(LOCAL_LIBRARY_DIR)/Frameworks/Mobilogics.framework",
				);
				GCC_PRECOMPILE_PREFIX_HEADER = YES;
				GCC_PREFIX_HEADER = "Ticket Control/Ticket Control-Prefix.pch";
				GCC_PREPROCESSOR_DEFINITIONS = (
					"DEBUG=1",
					"$(inherited)",
				);
				INFOPLIST_FILE = "Ticket ControlTests/Ticket ControlTests-Info.plist";
				PRODUCT_BUNDLE_IDENTIFIER = "com.v-ticket.${PRODUCT_NAME:rfc1034identifier}";
				PRODUCT_NAME = "$(TARGET_NAME)";
				TEST_HOST = "$(BUNDLE_LOADER)";
				WRAPPER_EXTENSION = xctest;
			};
			name = Debug;
		};
		BD2431EC19A608CC008BC19A /* Release */ = {
			isa = XCBuildConfiguration;
			buildSettings = {
				ALWAYS_EMBED_SWIFT_STANDARD_LIBRARIES = YES;
				BUNDLE_LOADER = "$(BUILT_PRODUCTS_DIR)/Ticket Control.app/Ticket Control";
				FRAMEWORK_SEARCH_PATHS = (
					"$(SDKROOT)/Developer/Library/Frameworks",
					"$(inherited)",
					"$(DEVELOPER_FRAMEWORKS_DIR)",
					"$(LOCAL_LIBRARY_DIR)/Frameworks/Mobilogics.framework",
				);
				GCC_PRECOMPILE_PREFIX_HEADER = YES;
				GCC_PREFIX_HEADER = "Ticket Control/Ticket Control-Prefix.pch";
				INFOPLIST_FILE = "Ticket ControlTests/Ticket ControlTests-Info.plist";
				PRODUCT_BUNDLE_IDENTIFIER = "com.v-ticket.${PRODUCT_NAME:rfc1034identifier}";
				PRODUCT_NAME = "$(TARGET_NAME)";
				TEST_HOST = "$(BUNDLE_LOADER)";
				WRAPPER_EXTENSION = xctest;
			};
			name = Release;
		};
/* End XCBuildConfiguration section */

/* Begin XCConfigurationList section */
		BD2431B019A608CC008BC19A /* Build configuration list for PBXProject "Ticket Control" */ = {
			isa = XCConfigurationList;
			buildConfigurations = (
				BD2431E519A608CC008BC19A /* Debug */,
				BD2431E619A608CC008BC19A /* Release */,
			);
			defaultConfigurationIsVisible = 0;
			defaultConfigurationName = Release;
		};
		BD2431E719A608CC008BC19A /* Build configuration list for PBXNativeTarget "Ticket Control" */ = {
			isa = XCConfigurationList;
			buildConfigurations = (
				BD2431E819A608CC008BC19A /* Debug */,
				BD2431E919A608CC008BC19A /* Release */,
			);
			defaultConfigurationIsVisible = 0;
			defaultConfigurationName = Release;
		};
		BD2431EA19A608CC008BC19A /* Build configuration list for PBXNativeTarget "Ticket ControlTests" */ = {
			isa = XCConfigurationList;
			buildConfigurations = (
				BD2431EB19A608CC008BC19A /* Debug */,
				BD2431EC19A608CC008BC19A /* Release */,
			);
			defaultConfigurationIsVisible = 0;
			defaultConfigurationName = Release;
		};
/* End XCConfigurationList section */
	};
	rootObject = BD2431AD19A608CC008BC19A /* Project object */;
}
